
Microsoft Visual Studio Solution File, Format Version 12.00
# Visual Studio Version 16
VisualStudioVersion = 16.0.29123.88
MinimumVisualStudioVersion = 10.0.40219.1
Project("{FAE04EC0-301F-11D3-BF4B-00C04F79EFBC}") = "LolAV", "LolAV\LolAV.csproj", "{CF54C593-9E7B-46C9-B7F9-2003EDC20524}"
EndProject
Global
	GlobalSection(SolutionConfigurationPlatforms) = preSolution
		Debug|Any CPU = Debug|Any CPU
		Release|Any CPU = Release|Any CPU
	EndGlobalSection
	GlobalSection(ProjectConfigurationPlatforms) = postSolution
		{CF54C593-9E7B-46C9-B7F9-2003EDC20524}.Debug|Any CPU.ActiveCfg = Debug|Any CPU
		{CF54C593-9E7B-46C9-B7F9-2003EDC20524}.Debug|Any CPU.Build.0 = Debug|Any CPU
		{CF54C593-9E7B-46C9-B7F9-2003EDC20524}.Release|Any CPU.ActiveCfg = Release|Any CPU
		{CF54C593-9E7B-46C9-B7F9-2003EDC20524}.Release|Any CPU.Build.0 = Release|Any CPU
	EndGlobalSection
	GlobalSection(SolutionProperties) = preSolution
		HideSolutionNode = FALSE
	EndGlobalSection
	GlobalSection(ExtensibilityGlobals) = postSolution
		SolutionGuid = {15FD0A96-916F-4FEA-B68C-3A315E4F6399}
	EndGlobalSection
EndGlobal
